
Microsoft Visual Studio Solution File, Format Version 12.00
# Visual Studio Version 18
VisualStudioVersion = 18.0.11018.127
MinimumVisualStudioVersion = 10.0.40219.1
Project("{FAE04EC0-301F-11D3-BF4B-00C04F79EFBC}") = "Financa", "Financa\Financa.csproj", "{7F22DD1A-112E-4780-8A5B-55F0936FD4A6}"
EndProject
Project("{FAE04EC0-301F-11D3-BF4B-00C04F79EFBC}") = "SqlConnections", "SqlConnection\SqlConnections.csproj", "{5AE8A147-AD55-4F0E-8242-FBB6A0D0F327}"
EndProject
Global
	GlobalSection(SolutionConfigurationPlatforms) = preSolution
		Debug|Any CPU = Debug|Any CPU
		Release|Any CPU = Release|Any CPU
	EndGlobalSection
	GlobalSection(ProjectConfigurationPlatforms) = postSolution
		{7F22DD1A-112E-4780-8A5B-55F0936FD4A6}.Debug|Any CPU.ActiveCfg = Debug|Any CPU
		{7F22DD1A-112E-4780-8A5B-55F0936FD4A6}.Debug|Any CPU.Build.0 = Debug|Any CPU
		{7F22DD1A-112E-4780-8A5B-55F0936FD4A6}.Release|Any CPU.ActiveCfg = Release|Any CPU
		{7F22DD1A-112E-4780-8A5B-55F0936FD4A6}.Release|Any CPU.Build.0 = Release|Any CPU
		{5AE8A147-AD55-4F0E-8242-FBB6A0D0F327}.Debug|Any CPU.ActiveCfg = Debug|Any CPU
		{5AE8A147-AD55-4F0E-8242-FBB6A0D0F327}.Debug|Any CPU.Build.0 = Debug|Any CPU
		{5AE8A147-AD55-4F0E-8242-FBB6A0D0F327}.Release|Any CPU.ActiveCfg = Release|Any CPU
		{5AE8A147-AD55-4F0E-8242-FBB6A0D0F327}.Release|Any CPU.Build.0 = Release|Any CPU
	EndGlobalSection
	GlobalSection(SolutionProperties) = preSolution
		HideSolutionNode = FALSE
	EndGlobalSection
	GlobalSection(ExtensibilityGlobals) = postSolution
		SolutionGuid = {7AC46D6C-099F-4BE6-B7C9-72D935C66EDC}
	EndGlobalSection
EndGlobal
